
Microsoft Visual Studio Solution File, Format Version 12.00
# Visual Studio Version 16
VisualStudioVersion = 16.0.32106.194
MinimumVisualStudioVersion = 10.0.40219.1
Project("{9A19103F-16F7-4668-BE54-9A1E7A4F7556}") = "Challenge", "Challenge\Challenge.csproj", "{F305F55C-E422-4532-B90F-D8C9EB17C2BD}"
EndProject
Project("{9A19103F-16F7-4668-BE54-9A1E7A4F7556}") = "Challenge.DTOs", "Challenge.DTOs\Challenge.DTOs.csproj", "{ECEA6407-4B5C-4EDF-8AA8-22523C6115B1}"
EndProject
Project("{9A19103F-16F7-4668-BE54-9A1E7A4F7556}") = "Challenge.Services", "Challenge.Services\Challenge.Services.csproj", "{65F7F36F-F556-4ECE-99D3-A10C66FC2B76}"
EndProject
Project("{9A19103F-16F7-4668-BE54-9A1E7A4F7556}") = "Challenge.Common", "Challenge.Common\Challenge.Common.csproj", "{F9768729-9476-4952-8219-3FF06B02EB3A}"
EndProject
Project("{FAE04EC0-301F-11D3-BF4B-00C04F79EFBC}") = "Challenge.ServicesTests", "Challenge.ServicesTests\Challenge.ServicesTests.csproj", "{42C33AEC-433A-421C-8A25-3EA292125787}"
EndProject
Global
	GlobalSection(SolutionConfigurationPlatforms) = preSolution
		Debug|Any CPU = Debug|Any CPU
		Release|Any CPU = Release|Any CPU
	EndGlobalSection
	GlobalSection(ProjectConfigurationPlatforms) = postSolution
		{F305F55C-E422-4532-B90F-D8C9EB17C2BD}.Debug|Any CPU.ActiveCfg = Debug|Any CPU
		{F305F55C-E422-4532-B90F-D8C9EB17C2BD}.Debug|Any CPU.Build.0 = Debug|Any CPU
		{F305F55C-E422-4532-B90F-D8C9EB17C2BD}.Release|Any CPU.ActiveCfg = Release|Any CPU
		{F305F55C-E422-4532-B90F-D8C9EB17C2BD}.Release|Any CPU.Build.0 = Release|Any CPU
		{ECEA6407-4B5C-4EDF-8AA8-22523C6115B1}.Debug|Any CPU.ActiveCfg = Debug|Any CPU
		{ECEA6407-4B5C-4EDF-8AA8-22523C6115B1}.Debug|Any CPU.Build.0 = Debug|Any CPU
		{ECEA6407-4B5C-4EDF-8AA8-22523C6115B1}.Release|Any CPU.ActiveCfg = Release|Any CPU
		{ECEA6407-4B5C-4EDF-8AA8-22523C6115B1}.Release|Any CPU.Build.0 = Release|Any CPU
		{65F7F36F-F556-4ECE-99D3-A10C66FC2B76}.Debug|Any CPU.ActiveCfg = Debug|Any CPU
		{65F7F36F-F556-4ECE-99D3-A10C66FC2B76}.Debug|Any CPU.Build.0 = Debug|Any CPU
		{65F7F36F-F556-4ECE-99D3-A10C66FC2B76}.Release|Any CPU.ActiveCfg = Release|Any CPU
		{65F7F36F-F556-4ECE-99D3-A10C66FC2B76}.Release|Any CPU.Build.0 = Release|Any CPU
		{F9768729-9476-4952-8219-3FF06B02EB3A}.Debug|Any CPU.ActiveCfg = Debug|Any CPU
		{F9768729-9476-4952-8219-3FF06B02EB3A}.Debug|Any CPU.Build.0 = Debug|Any CPU
		{F9768729-9476-4952-8219-3FF06B02EB3A}.Release|Any CPU.ActiveCfg = Release|Any CPU
		{F9768729-9476-4952-8219-3FF06B02EB3A}.Release|Any CPU.Build.0 = Release|Any CPU
		{42C33AEC-433A-421C-8A25-3EA292125787}.Debug|Any CPU.ActiveCfg = Debug|Any CPU
		{42C33AEC-433A-421C-8A25-3EA292125787}.Debug|Any CPU.Build.0 = Debug|Any CPU
		{42C33AEC-433A-421C-8A25-3EA292125787}.Release|Any CPU.ActiveCfg = Release|Any CPU
		{42C33AEC-433A-421C-8A25-3EA292125787}.Release|Any CPU.Build.0 = Release|Any CPU
	EndGlobalSection
	GlobalSection(SolutionProperties) = preSolution
		HideSolutionNode = FALSE
	EndGlobalSection
	GlobalSection(ExtensibilityGlobals) = postSolution
		SolutionGuid = {FEEB77C2-C137-4F43-86C3-1DC8E0B4E4BC}
	EndGlobalSection
EndGlobal
